
Microsoft Visual Studio Solution File, Format Version 12.00
# Visual Studio 15
VisualStudioVersion = 15.0.26730.16
MinimumVisualStudioVersion = 10.0.40219.1
Project("{FAE04EC0-301F-11D3-BF4B-00C04F79EFBC}") = "AntiCaptcha", "src\AntiCaptcha.csproj", "{661D7D6F-3156-4098-9920-2868FD45BA74}"
EndProject
Project("{FAE04EC0-301F-11D3-BF4B-00C04F79EFBC}") = "AntiCaptchaUI", "AntiCaptchaUI\AntiCaptchaUI.csproj", "{987FFE26-8FD2-46D2-A0E3-B612B8643BD7}"
EndProject
Global
	GlobalSection(SolutionConfigurationPlatforms) = preSolution
		Debug|Any CPU = Debug|Any CPU
		Release|Any CPU = Release|Any CPU
	EndGlobalSection
	GlobalSection(ProjectConfigurationPlatforms) = postSolution
		{661D7D6F-3156-4098-9920-2868FD45BA74}.Debug|Any CPU.ActiveCfg = Debug|Any CPU
		{661D7D6F-3156-4098-9920-2868FD45BA74}.Debug|Any CPU.Build.0 = Debug|Any CPU
		{661D7D6F-3156-4098-9920-2868FD45BA74}.Release|Any CPU.ActiveCfg = Release|Any CPU
		{661D7D6F-3156-4098-9920-2868FD45BA74}.Release|Any CPU.Build.0 = Release|Any CPU
		{987FFE26-8FD2-46D2-A0E3-B612B8643BD7}.Debug|Any CPU.ActiveCfg = Debug|Any CPU
		{987FFE26-8FD2-46D2-A0E3-B612B8643BD7}.Debug|Any CPU.Build.0 = Debug|Any CPU
		{987FFE26-8FD2-46D2-A0E3-B612B8643BD7}.Release|Any CPU.ActiveCfg = Release|Any CPU
		{987FFE26-8FD2-46D2-A0E3-B612B8643BD7}.Release|Any CPU.Build.0 = Release|Any CPU
	EndGlobalSection
	GlobalSection(SolutionProperties) = preSolution
		HideSolutionNode = FALSE
	EndGlobalSection
	GlobalSection(ExtensibilityGlobals) = postSolution
		SolutionGuid = {4476F33D-71E8-4FB5-AE9F-496FF823F068}
	EndGlobalSection
EndGlobal
